
Microsoft Visual Studio Solution File, Format Version 12.00
# Visual Studio Version 17
VisualStudioVersion = 17.5.33424.131
MinimumVisualStudioVersion = 10.0.40219.1
Project("{FAE04EC0-301F-11D3-BF4B-00C04F79EFBC}") = "HangFirePOC", "HangFirePOC.csproj", "{83E77609-2906-41A0-B972-5B9FB29AFEE2}"
EndProject
Global
	GlobalSection(SolutionConfigurationPlatforms) = preSolution
		Debug|Any CPU = Debug|Any CPU
		Release|Any CPU = Release|Any CPU
	EndGlobalSection
	GlobalSection(ProjectConfigurationPlatforms) = postSolution
		{83E77609-2906-41A0-B972-5B9FB29AFEE2}.Debug|Any CPU.ActiveCfg = Debug|Any CPU
		{83E77609-2906-41A0-B972-5B9FB29AFEE2}.Debug|Any CPU.Build.0 = Debug|Any CPU
		{83E77609-2906-41A0-B972-5B9FB29AFEE2}.Release|Any CPU.ActiveCfg = Release|Any CPU
		{83E77609-2906-41A0-B972-5B9FB29AFEE2}.Release|Any CPU.Build.0 = Release|Any CPU
	EndGlobalSection
	GlobalSection(SolutionProperties) = preSolution
		HideSolutionNode = FALSE
	EndGlobalSection
	GlobalSection(ExtensibilityGlobals) = postSolution
		SolutionGuid = {3DDF9A72-C6A4-421C-930B-390516E6A09C}
	EndGlobalSection
EndGlobal
